// !$*UTF8*$!
{
	archiveVersion = 1;
	classes = {
	};
	objectVersion = 46;
	objects = {

/* Begin PBXBuildFile section */
		CC62537814651D8C00CC6C21 /* UIKit.framework in Frameworks */ = {isa = PBXBuildFile; fileRef = CC62537714651D8C00CC6C21 /* UIKit.framework */; };
		CC62537A14651D8C00CC6C21 /* Foundation.framework in Frameworks */ = {isa = PBXBuildFile; fileRef = CC62537914651D8C00CC6C21 /* Foundation.framework */; };
		CC62537C14651D8C00CC6C21 /* CoreGraphics.framework in Frameworks */ = {isa = PBXBuildFile; fileRef = CC62537B14651D8C00CC6C21 /* CoreGraphics.framework */; };
		CC62538214651D8C00CC6C21 /* InfoPlist.strings in Resources */ = {isa = PBXBuildFile; fileRef = CC62538014651D8C00CC6C21 /* InfoPlist.strings */; };
		CC62538414651D8C00CC6C21 /* main.m in Sources */ = {isa = PBXBuildFile; fileRef = CC62538314651D8C00CC6C21 /* main.m */; };
		CC62538814651D8C00CC6C21 /* BPAppDelegate.m in Sources */ = {isa = PBXBuildFile; fileRef = CC62538714651D8C00CC6C21 /* BPAppDelegate.m */; };
		CC62538B14651D8C00CC6C21 /* BPViewController.m in Sources */ = {isa = PBXBuildFile; fileRef = CC62538A14651D8C00CC6C21 /* BPViewController.m */; };
		CC62538E14651D8C00CC6C21 /* BPViewController_iPhone.xib in Resources */ = {isa = PBXBuildFile; fileRef = CC62538C14651D8C00CC6C21 /* BPViewController_iPhone.xib */; };
		CC62539114651D8C00CC6C21 /* BPViewController_iPad.xib in Resources */ = {isa = PBXBuildFile; fileRef = CC62538F14651D8C00CC6C21 /* BPViewController_iPad.xib */; };
/* End PBXBuildFile section */

/* Begin PBXFileReference section */
		CC62537314651D8C00CC6C21 /* BlockPusher.app */ = {isa = PBXFileReference; explicitFileType = wrapper.application; includeInIndex = 0; path = BlockPusher.app; sourceTree = BUILT_PRODUCTS_DIR; };
		CC62537714651D8C00CC6C21 /* UIKit.framework */ = {isa = PBXFileReference; lastKnownFileType = wrapper.framework; name = UIKit.framework; path = System/Library/Frameworks/UIKit.framework; sourceTree = SDKROOT; };
		CC62537914651D8C00CC6C21 /* Foundation.framework */ = {isa = PBXFileReference; lastKnownFileType = wrapper.framework; name = Foundation.framework; path = System/Library/Frameworks/Foundation.framework; sourceTree = SDKROOT; };
		CC62537B14651D8C00CC6C21 /* CoreGraphics.framework */ = {isa = PBXFileReference; lastKnownFileType = wrapper.framework; name = CoreGraphics.framework; path = System/Library/Frameworks/CoreGraphics.framework; sourceTree = SDKROOT; };
		CC62537F14651D8C00CC6C21 /* BlockPusher-Info.plist */ = {isa = PBXFileReference; lastKnownFileType = text.plist.xml; path = "BlockPusher-Info.plist"; sourceTree = "<group>"; };
		CC62538114651D8C00CC6C21 /* en */ = {isa = PBXFileReference; lastKnownFileType = text.plist.strings; name = en; path = en.lproj/InfoPlist.strings; sourceTree = "<group>"; };
		CC62538314651D8C00CC6C21 /* main.m */ = {isa = PBXFileReference; lastKnownFileType = sourcecode.c.objc; path = main.m; sourceTree = "<group>"; };
		CC62538514651D8C00CC6C21 /* BlockPusher-Prefix.pch */ = {isa = PBXFileReference; lastKnownFileType = sourcecode.c.h; path = "BlockPusher-Prefix.pch"; sourceTree = "<group>"; };
		CC62538614651D8C00CC6C21 /* BPAppDelegate.h */ = {isa = PBXFileReference; lastKnownFileType = sourcecode.c.h; path = BPAppDelegate.h; sourceTree = "<group>"; };
		CC62538714651D8C00CC6C21 /* BPAppDelegate.m */ = {isa = PBXFileReference; lastKnownFileType = sourcecode.c.objc; path = BPAppDelegate.m; sourceTree = "<group>"; };
		CC62538914651D8C00CC6C21 /* BPViewController.h */ = {isa = PBXFileReference; lastKnownFileType = sourcecode.c.h; path = BPViewController.h; sourceTree = "<group>"; };
		CC62538A14651D8C00CC6C21 /* BPViewController.m */ = {isa = PBXFileReference; lastKnownFileType = sourcecode.c.objc; path = BPViewController.m; sourceTree = "<group>"; };
		CC62538D14651D8C00CC6C21 /* en */ = {isa = PBXFileReference; lastKnownFileType = file.xib; name = en; path = en.lproj/BPViewController_iPhone.xib; sourceTree = "<group>"; };
		CC62539014651D8C00CC6C21 /* en */ = {isa = PBXFileReference; lastKnownFileType = file.xib; name = en; path = en.lproj/BPViewController_iPad.xib; sourceTree = "<group>"; };
/* End PBXFileReference section */

/* Begin PBXFrameworksBuildPhase section */
		CC62537014651D8C00CC6C21 /* Frameworks */ = {
			isa = PBXFrameworksBuildPhase;
			buildActionMask = 2147483647;
			files = (
				CC62537814651D8C00CC6C21 /* UIKit.framework in Frameworks */,
				CC62537A14651D8C00CC6C21 /* Foundation.framework in Frameworks */,
				CC62537C14651D8C00CC6C21 /* CoreGraphics.framework in Frameworks */,
			);
			runOnlyForDeploymentPostprocessing = 0;
		};
/* End PBXFrameworksBuildPhase section */

/* Begin PBXGroup section */
		CC62536814651D8C00CC6C21 = {
			isa = PBXGroup;
			children = (
				CC62537D14651D8C00CC6C21 /* BlockPusher */,
				CC62537614651D8C00CC6C21 /* Frameworks */,
				CC62537414651D8C00CC6C21 /* Products */,
			);
			sourceTree = "<group>";
		};
		CC62537414651D8C00CC6C21 /* Products */ = {
			isa = PBXGroup;
			children = (
				CC62537314651D8C00CC6C21 /* BlockPusher.app */,
			);
			name = Products;
			sourceTree = "<group>";
		};
		CC62537614651D8C00CC6C21 /* Frameworks */ = {
			isa = PBXGroup;
			children = (
				CC62537714651D8C00CC6C21 /* UIKit.framework */,
				CC62537914651D8C00CC6C21 /* Foundation.framework */,
				CC62537B14651D8C00CC6C21 /* CoreGraphics.framework */,
			);
			name = Frameworks;
			sourceTree = "<group>";
		};
		CC62537D14651D8C00CC6C21 /* BlockPusher */ = {
			isa = PBXGroup;
			children = (
				CC62538614651D8C00CC6C21 /* BPAppDelegate.h */,
				CC62538714651D8C00CC6C21 /* BPAppDelegate.m */,
				CC62538914651D8C00CC6C21 /* BPViewController.h */,
				CC62538A14651D8C00CC6C21 /* BPViewController.m */,
				CC62538C14651D8C00CC6C21 /* BPViewController_iPhone.xib */,
				CC62538F14651D8C00CC6C21 /* BPViewController_iPad.xib */,
				CC62537E14651D8C00CC6C21 /* Supporting Files */,
			);
			path = BlockPusher;
			sourceTree = "<group>";
		};
		CC62537E14651D8C00CC6C21 /* Supporting Files */ = {
			isa = PBXGroup;
			children = (
				CC62537F14651D8C00CC6C21 /* BlockPusher-Info.plist */,
				CC62538014651D8C00CC6C21 /* InfoPlist.strings */,
				CC62538314651D8C00CC6C21 /* main.m */,
				CC62538514651D8C00CC6C21 /* BlockPusher-Prefix.pch */,
			);
			name = "Supporting Files";
			sourceTree = "<group>";
		};
/* End PBXGroup section */

/* Begin PBXNativeTarget section */
		CC62537214651D8C00CC6C21 /* BlockPusher */ = {
			isa = PBXNativeTarget;
			buildConfigurationList = CC62539414651D8C00CC6C21 /* Build configuration list for PBXNativeTarget "BlockPusher" */;
			buildPhases = (
				CC62536F14651D8C00CC6C21 /* Sources */,
				CC62537014651D8C00CC6C21 /* Frameworks */,
				CC62537114651D8C00CC6C21 /* Resources */,
			);
			buildRules = (
			);
			dependencies = (
			);
			name = BlockPusher;
			productName = BlockPusher;
			productReference = CC62537314651D8C00CC6C21 /* BlockPusher.app */;
			productType = "com.apple.product-type.application";
		};
/* End PBXNativeTarget section */

/* Begin PBXProject section */
		CC62536A14651D8C00CC6C21 /* Project object */ = {
			isa = PBXProject;
			attributes = {
				LastUpgradeCheck = 0420;
				ORGANIZATIONNAME = "Creative Intersection";
			};
			buildConfigurationList = CC62536D14651D8C00CC6C21 /* Build configuration list for PBXProject "BlockPusher" */;
			compatibilityVersion = "Xcode 3.2";
			developmentRegion = English;
			hasScannedForEncodings = 0;
			knownRegions = (
				en,
			);
			mainGroup = CC62536814651D8C00CC6C21;
			productRefGroup = CC62537414651D8C00CC6C21 /* Products */;
			projectDirPath = "";
			projectRoot = "";
			targets = (
				CC62537214651D8C00CC6C21 /* BlockPusher */,
			);
		};
/* End PBXProject section */

/* Begin PBXResourcesBuildPhase section */
		CC62537114651D8C00CC6C21 /* Resources */ = {
			isa = PBXResourcesBuildPhase;
			buildActionMask = 2147483647;
			files = (
				CC62538214651D8C00CC6C21 /* InfoPlist.strings in Resources */,
				CC62538E14651D8C00CC6C21 /* BPViewController_iPhone.xib in Resources */,
				CC62539114651D8C00CC6C21 /* BPViewController_iPad.xib in Resources */,
			);
			runOnlyForDeploymentPostprocessing = 0;
		};
/* End PBXResourcesBuildPhase section */

/* Begin PBXSourcesBuildPhase section */
		CC62536F14651D8C00CC6C21 /* Sources */ = {
			isa = PBXSourcesBuildPhase;
			buildActionMask = 2147483647;
			files = (
				CC62538414651D8C00CC6C21 /* main.m in Sources */,
				CC62538814651D8C00CC6C21 /* BPAppDelegate.m in Sources */,
				CC62538B14651D8C00CC6C21 /* BPViewController.m in Sources */,
			);
			runOnlyForDeploymentPostprocessing = 0;
		};
/* End PBXSourcesBuildPhase section */

/* Begin PBXVariantGroup section */
		CC62538014651D8C00CC6C21 /* InfoPlist.strings */ = {
			isa = PBXVariantGroup;
			children = (
				CC62538114651D8C00CC6C21 /* en */,
			);
			name = InfoPlist.strings;
			sourceTree = "<group>";
		};
		CC62538C14651D8C00CC6C21 /* BPViewController_iPhone.xib */ = {
			isa = PBXVariantGroup;
			children = (
				CC62538D14651D8C00CC6C21 /* en */,
			);
			name = BPViewController_iPhone.xib;
			sourceTree = "<group>";
		};
		CC62538F14651D8C00CC6C21 /* BPViewController_iPad.xib */ = {
			isa = PBXVariantGroup;
			children = (
				CC62539014651D8C00CC6C21 /* en */,
			);
			name = BPViewController_iPad.xib;
			sourceTree = "<group>";
		};
/* End PBXVariantGroup section */

/* Begin XCBuildConfiguration section */
		CC62539214651D8C00CC6C21 /* Debug */ = {
			isa = XCBuildConfiguration;
			buildSettings = {
				ALWAYS_SEARCH_USER_PATHS = NO;
				ARCHS = "$(ARCHS_STANDARD_32_BIT)";
				"CODE_SIGN_IDENTITY[sdk=iphoneos*]" = "iPhone Developer";
				COPY_PHASE_STRIP = NO;
				GCC_C_LANGUAGE_STANDARD = gnu99;
				GCC_DYNAMIC_NO_PIC = NO;
				GCC_OPTIMIZATION_LEVEL = 0;
				GCC_PREPROCESSOR_DEFINITIONS = (
					"DEBUG=1",
					"$(inherited)",
				);
				GCC_SYMBOLS_PRIVATE_EXTERN = NO;
				GCC_VERSION = com.apple.compilers.llvm.clang.1_0;
				GCC_WARN_ABOUT_MISSING_PROTOTYPES = YES;
				GCC_WARN_ABOUT_RETURN_TYPE = YES;
				GCC_WARN_UNUSED_VARIABLE = YES;
				IPHONEOS_DEPLOYMENT_TARGET = 5.0;
				SDKROOT = iphoneos;
				TARGETED_DEVICE_FAMILY = "1,2";
			};
			name = Debug;
		};
		CC62539314651D8C00CC6C21 /* Release */ = {
			isa = XCBuildConfiguration;
			buildSettings = {
				ALWAYS_SEARCH_USER_PATHS = NO;
				ARCHS = "$(ARCHS_STANDARD_32_BIT)";
				"CODE_SIGN_IDENTITY[sdk=iphoneos*]" = "iPhone Developer";
				COPY_PHASE_STRIP = YES;
				GCC_C_LANGUAGE_STANDARD = gnu99;
				GCC_VERSION = com.apple.compilers.llvm.clang.1_0;
				GCC_WARN_ABOUT_MISSING_PROTOTYPES = YES;
				GCC_WARN_ABOUT_RETURN_TYPE = YES;
				GCC_WARN_UNUSED_VARIABLE = YES;
				IPHONEOS_DEPLOYMENT_TARGET = 5.0;
				OTHER_CFLAGS = "-DNS_BLOCK_ASSERTIONS=1";
				SDKROOT = iphoneos;
				TARGETED_DEVICE_FAMILY = "1,2";
				VALIDATE_PRODUCT = YES;
			};
			name = Release;
		};
		CC62539514651D8C00CC6C21 /* Debug */ = {
			isa = XCBuildConfiguration;
			buildSettings = {
				GCC_PRECOMPILE_PREFIX_HEADER = YES;
				GCC_PREFIX_HEADER = "BlockPusher/BlockPusher-Prefix.pch";
				INFOPLIST_FILE = "BlockPusher/BlockPusher-Info.plist";
				PRODUCT_NAME = "$(TARGET_NAME)";
				WRAPPER_EXTENSION = app;
			};
			name = Debug;
		};
		CC62539614651D8C00CC6C21 /* Release */ = {
			isa = XCBuildConfiguration;
			buildSettings = {
				GCC_PRECOMPILE_PREFIX_HEADER = YES;
				GCC_PREFIX_HEADER = "BlockPusher/BlockPusher-Prefix.pch";
				INFOPLIST_FILE = "BlockPusher/BlockPusher-Info.plist";
				PRODUCT_NAME = "$(TARGET_NAME)";
				WRAPPER_EXTENSION = app;
			};
			name = Release;
		};
/* End XCBuildConfiguration section */

/* Begin XCConfigurationList section */
		CC62536D14651D8C00CC6C21 /* Build configuration list for PBXProject "BlockPusher" */ = {
			isa = XCConfigurationList;
			buildConfigurations = (
				CC62539214651D8C00CC6C21 /* Debug */,
				CC62539314651D8C00CC6C21 /* Release */,
			);
			defaultConfigurationIsVisible = 0;
			defaultConfigurationName = Release;
		};
		CC62539414651D8C00CC6C21 /* Build configuration list for PBXNativeTarget "BlockPusher" */ = {
			isa = XCConfigurationList;
			buildConfigurations = (
				CC62539514651D8C00CC6C21 /* Debug */,
				CC62539614651D8C00CC6C21 /* Release */,
			);
			defaultConfigurationIsVisible = 0;
		};
/* End XCConfigurationList section */
	};
	rootObject = CC62536A14651D8C00CC6C21 /* Project object */;
}
